
Microsoft Visual Studio Solution File, Format Version 12.00
# Visual Studio 15
VisualStudioVersion = 15.0.27428.2002
MinimumVisualStudioVersion = 10.0.40219.1
Project("{2150E333-8FDC-42A3-9474-1A3956D46DE8}") = "src", "src", "{F55648AA-281B-4ABC-B35F-3EB360C42B82}"
EndProject
Project("{FAE04EC0-301F-11D3-BF4B-00C04F79EFBC}") = "Rsk.Samples.AspNetCore.Authentication.Saml2p", "src\Rsk.Samples.AspNetCore.Authentication.Saml2p\Rsk.Samples.AspNetCore.Authentication.Saml2p.csproj", "{97044ABF-68C2-41EE-A204-D5DC56A8B0BB}"
EndProject
Global
	GlobalSection(SolutionConfigurationPlatforms) = preSolution
		Debug|Any CPU = Debug|Any CPU
		Release|Any CPU = Release|Any CPU
	EndGlobalSection
	GlobalSection(ProjectConfigurationPlatforms) = postSolution
		{97044ABF-68C2-41EE-A204-D5DC56A8B0BB}.Debug|Any CPU.ActiveCfg = Debug|Any CPU
		{97044ABF-68C2-41EE-A204-D5DC56A8B0BB}.Debug|Any CPU.Build.0 = Debug|Any CPU
		{97044ABF-68C2-41EE-A204-D5DC56A8B0BB}.Release|Any CPU.ActiveCfg = Release|Any CPU
		{97044ABF-68C2-41EE-A204-D5DC56A8B0BB}.Release|Any CPU.Build.0 = Release|Any CPU
	EndGlobalSection
	GlobalSection(SolutionProperties) = preSolution
		HideSolutionNode = FALSE
	EndGlobalSection
	GlobalSection(NestedProjects) = preSolution
		{97044ABF-68C2-41EE-A204-D5DC56A8B0BB} = {F55648AA-281B-4ABC-B35F-3EB360C42B82}
	EndGlobalSection
	GlobalSection(ExtensibilityGlobals) = postSolution
		SolutionGuid = {266BFFEB-60D4-4710-A22C-FB6D7C508B4D}
	EndGlobalSection
EndGlobal
